// !$*UTF8*$!
{
	archiveVersion = 1;
	classes = {
	};
	objectVersion = 56;
	objects = {

/* Begin PBXBuildFile section */
		F894596E2B192482002921FC /* FinalApp_Aldarraji_majidApp.swift in Sources */ = {isa = PBXBuildFile; fileRef = F894596D2B192482002921FC /* FinalApp_Aldarraji_majidApp.swift */; };
		F89459702B192482002921FC /* ContentView.swift in Sources */ = {isa = PBXBuildFile; fileRef = F894596F2B192482002921FC /* ContentView.swift */; };
		F89459722B192483002921FC /* Assets.xcassets in Resources */ = {isa = PBXBuildFile; fileRef = F89459712B192483002921FC /* Assets.xcassets */; };
		F89459752B192483002921FC /* Preview Assets.xcassets in Resources */ = {isa = PBXBuildFile; fileRef = F89459742B192483002921FC /* Preview Assets.xcassets */; };
		F89459A22B1924B8002921FC /* FormInput.swift in Sources */ = {isa = PBXBuildFile; fileRef = F894597C2B1924B8002921FC /* FormInput.swift */; };
		F89459A32B1924B8002921FC /* RatingView.swift in Sources */ = {isa = PBXBuildFile; fileRef = F894597D2B1924B8002921FC /* RatingView.swift */; };
		F89459A42B1924B8002921FC /* DebounceInput.swift in Sources */ = {isa = PBXBuildFile; fileRef = F894597E2B1924B8002921FC /* DebounceInput.swift */; };
		F89459A52B1924B8002921FC /* SettingsSheet.swift in Sources */ = {isa = PBXBuildFile; fileRef = F89459802B1924B8002921FC /* SettingsSheet.swift */; };
		F89459A62B1924B8002921FC /* AddTop4Sheet.swift in Sources */ = {isa = PBXBuildFile; fileRef = F89459812B1924B8002921FC /* AddTop4Sheet.swift */; };
		F89459A72B1924B8002921FC /* UserFollowClient.swift in Sources */ = {isa = PBXBuildFile; fileRef = F89459822B1924B8002921FC /* UserFollowClient.swift */; };
		F89459A82B1924B8002921FC /* ProfileTab.swift in Sources */ = {isa = PBXBuildFile; fileRef = F89459832B1924B8002921FC /* ProfileTab.swift */; };
		F89459A92B1924B8002921FC /* Top4Utils.swift in Sources */ = {isa = PBXBuildFile; fileRef = F89459842B1924B8002921FC /* Top4Utils.swift */; };
		F89459AA2B1924B8002921FC /* ProfileModel.swift in Sources */ = {isa = PBXBuildFile; fileRef = F89459852B1924B8002921FC /* ProfileModel.swift */; };
		F89459AB2B1924B8002921FC /* PeopleSearchResultView.swift in Sources */ = {isa = PBXBuildFile; fileRef = F89459872B1924B8002921FC /* PeopleSearchResultView.swift */; };
		F89459AC2B1924B8002921FC /* DiscoverView.swift in Sources */ = {isa = PBXBuildFile; fileRef = F89459882B1924B8002921FC /* DiscoverView.swift */; };
		F89459AD2B1924B8002921FC /* SearchTab.swift in Sources */ = {isa = PBXBuildFile; fileRef = F89459892B1924B8002921FC /* SearchTab.swift */; };
		F89459AE2B1924B8002921FC /* MediaSearchResult.swift in Sources */ = {isa = PBXBuildFile; fileRef = F894598A2B1924B8002921FC /* MediaSearchResult.swift */; };
		F89459AF2B1924B8002921FC /* ScrollSearch.swift in Sources */ = {isa = PBXBuildFile; fileRef = F894598B2B1924B8002921FC /* ScrollSearch.swift */; };
		F89459B02B1924B8002921FC /* DiaryTab.swift in Sources */ = {isa = PBXBuildFile; fileRef = F894598D2B1924B8002921FC /* DiaryTab.swift */; };
		F89459B12B1924B8002921FC /* DiaryTabv2.swift in Sources */ = {isa = PBXBuildFile; fileRef = F894598E2B1924B8002921FC /* DiaryTabv2.swift */; };
		F89459B22B1924B8002921FC /* CReviewModel.swift in Sources */ = {isa = PBXBuildFile; fileRef = F89459902B1924B8002921FC /* CReviewModel.swift */; };
		F89459B32B1924B8002921FC /* CreateReview.swift in Sources */ = {isa = PBXBuildFile; fileRef = F89459912B1924B8002921FC /* CreateReview.swift */; };
		F89459B42B1924B8002921FC /* GetReviews.swift in Sources */ = {isa = PBXBuildFile; fileRef = F89459922B1924B8002921FC /* GetReviews.swift */; };
		F89459B52B1924B8002921FC /* tmdbImage.swift in Sources */ = {isa = PBXBuildFile; fileRef = F89459942B1924B8002921FC /* tmdbImage.swift */; };
		F89459B62B1924B8002921FC /* HttpClient.swift in Sources */ = {isa = PBXBuildFile; fileRef = F89459952B1924B8002921FC /* HttpClient.swift */; };
		F89459B72B1924B8002921FC /* SearchClient.swift in Sources */ = {isa = PBXBuildFile; fileRef = F89459962B1924B8002921FC /* SearchClient.swift */; };
		F89459B82B1924B8002921FC /* MediaDetailView.swift in Sources */ = {isa = PBXBuildFile; fileRef = F89459972B1924B8002921FC /* MediaDetailView.swift */; };
		F89459B92B1924B8002921FC /* Splash.swift in Sources */ = {isa = PBXBuildFile; fileRef = F89459982B1924B8002921FC /* Splash.swift */; };
		F89459BA2B1924B8002921FC /* TabBarView.swift in Sources */ = {isa = PBXBuildFile; fileRef = F89459992B1924B8002921FC /* TabBarView.swift */; };
		F89459BB2B1924B8002921FC /* MediaMoreModal.swift in Sources */ = {isa = PBXBuildFile; fileRef = F894599A2B1924B8002921FC /* MediaMoreModal.swift */; };
		F89459BD2B1924B8002921FC /* defaultImage.png in Resources */ = {isa = PBXBuildFile; fileRef = F894599C2B1924B8002921FC /* defaultImage.png */; };
		F89459BE2B1924B8002921FC /* authModel.swift in Sources */ = {isa = PBXBuildFile; fileRef = F894599E2B1924B8002921FC /* authModel.swift */; };
		F89459BF2B1924B8002921FC /* LoginView.swift in Sources */ = {isa = PBXBuildFile; fileRef = F894599F2B1924B8002921FC /* LoginView.swift */; };
		F89459C02B1924B8002921FC /* KeychainService.swift in Sources */ = {isa = PBXBuildFile; fileRef = F89459A02B1924B8002921FC /* KeychainService.swift */; };
		F89459C12B1924B8002921FC /* CreateAccountView.swift in Sources */ = {isa = PBXBuildFile; fileRef = F89459A12B1924B8002921FC /* CreateAccountView.swift */; };
		F8C9FD4D2B1A75E700169602 /* ICON.png in Resources */ = {isa = PBXBuildFile; fileRef = F8C9FD4C2B1A75E700169602 /* ICON.png */; };
/* End PBXBuildFile section */

/* Begin PBXFileReference section */
		F894596A2B192482002921FC /* FinalApp_Aldarraji_majid.app */ = {isa = PBXFileReference; explicitFileType = wrapper.application; includeInIndex = 0; path = FinalApp_Aldarraji_majid.app; sourceTree = BUILT_PRODUCTS_DIR; };
		F894596D2B192482002921FC /* FinalApp_Aldarraji_majidApp.swift */ = {isa = PBXFileReference; lastKnownFileType = sourcecode.swift; path = FinalApp_Aldarraji_majidApp.swift; sourceTree = "<group>"; };
		F894596F2B192482002921FC /* ContentView.swift */ = {isa = PBXFileReference; lastKnownFileType = sourcecode.swift; path = ContentView.swift; sourceTree = "<group>"; };
		F89459712B192483002921FC /* Assets.xcassets */ = {isa = PBXFileReference; lastKnownFileType = folder.assetcatalog; path = Assets.xcassets; sourceTree = "<group>"; };
		F89459742B192483002921FC /* Preview Assets.xcassets */ = {isa = PBXFileReference; lastKnownFileType = folder.assetcatalog; path = "Preview Assets.xcassets"; sourceTree = "<group>"; };
		F894597C2B1924B8002921FC /* FormInput.swift */ = {isa = PBXFileReference; fileEncoding = 4; lastKnownFileType = sourcecode.swift; path = FormInput.swift; sourceTree = "<group>"; };
		F894597D2B1924B8002921FC /* RatingView.swift */ = {isa = PBXFileReference; fileEncoding = 4; lastKnownFileType = sourcecode.swift; path = RatingView.swift; sourceTree = "<group>"; };
		F894597E2B1924B8002921FC /* DebounceInput.swift */ = {isa = PBXFileReference; fileEncoding = 4; lastKnownFileType = sourcecode.swift; path = DebounceInput.swift; sourceTree = "<group>"; };
		F89459802B1924B8002921FC /* SettingsSheet.swift */ = {isa = PBXFileReference; fileEncoding = 4; lastKnownFileType = sourcecode.swift; path = SettingsSheet.swift; sourceTree = "<group>"; };
		F89459812B1924B8002921FC /* AddTop4Sheet.swift */ = {isa = PBXFileReference; fileEncoding = 4; lastKnownFileType = sourcecode.swift; path = AddTop4Sheet.swift; sourceTree = "<group>"; };
		F89459822B1924B8002921FC /* UserFollowClient.swift */ = {isa = PBXFileReference; fileEncoding = 4; lastKnownFileType = sourcecode.swift; path = UserFollowClient.swift; sourceTree = "<group>"; };
		F89459832B1924B8002921FC /* ProfileTab.swift */ = {isa = PBXFileReference; fileEncoding = 4; lastKnownFileType = sourcecode.swift; path = ProfileTab.swift; sourceTree = "<group>"; };
		F89459842B1924B8002921FC /* Top4Utils.swift */ = {isa = PBXFileReference; fileEncoding = 4; lastKnownFileType = sourcecode.swift; path = Top4Utils.swift; sourceTree = "<group>"; };
		F89459852B1924B8002921FC /* ProfileModel.swift */ = {isa = PBXFileReference; fileEncoding = 4; lastKnownFileType = sourcecode.swift; path = ProfileModel.swift; sourceTree = "<group>"; };
		F89459872B1924B8002921FC /* PeopleSearchResultView.swift */ = {isa = PBXFileReference; fileEncoding = 4; lastKnownFileType = sourcecode.swift; path = PeopleSearchResultView.swift; sourceTree = "<group>"; };
		F89459882B1924B8002921FC /* DiscoverView.swift */ = {isa = PBXFileReference; fileEncoding = 4; lastKnownFileType = sourcecode.swift; path = DiscoverView.swift; sourceTree = "<group>"; };
		F89459892B1924B8002921FC /* SearchTab.swift */ = {isa = PBXFileReference; fileEncoding = 4; lastKnownFileType = sourcecode.swift; path = SearchTab.swift; sourceTree = "<group>"; };
		F894598A2B1924B8002921FC /* MediaSearchResult.swift */ = {isa = PBXFileReference; fileEncoding = 4; lastKnownFileType = sourcecode.swift; path = MediaSearchResult.swift; sourceTree = "<group>"; };
		F894598B2B1924B8002921FC /* ScrollSearch.swift */ = {isa = PBXFileReference; fileEncoding = 4; lastKnownFileType = sourcecode.swift; path = ScrollSearch.swift; sourceTree = "<group>"; };
		F894598D2B1924B8002921FC /* DiaryTab.swift */ = {isa = PBXFileReference; fileEncoding = 4; lastKnownFileType = sourcecode.swift; path = DiaryTab.swift; sourceTree = "<group>"; };
		F894598E2B1924B8002921FC /* DiaryTabv2.swift */ = {isa = PBXFileReference; fileEncoding = 4; lastKnownFileType = sourcecode.swift; path = DiaryTabv2.swift; sourceTree = "<group>"; };
		F89459902B1924B8002921FC /* CReviewModel.swift */ = {isa = PBXFileReference; fileEncoding = 4; lastKnownFileType = sourcecode.swift; path = CReviewModel.swift; sourceTree = "<group>"; };
		F89459912B1924B8002921FC /* CreateReview.swift */ = {isa = PBXFileReference; fileEncoding = 4; lastKnownFileType = sourcecode.swift; path = CreateReview.swift; sourceTree = "<group>"; };
		F89459922B1924B8002921FC /* GetReviews.swift */ = {isa = PBXFileReference; fileEncoding = 4; lastKnownFileType = sourcecode.swift; path = GetReviews.swift; sourceTree = "<group>"; };
		F89459942B1924B8002921FC /* tmdbImage.swift */ = {isa = PBXFileReference; fileEncoding = 4; lastKnownFileType = sourcecode.swift; path = tmdbImage.swift; sourceTree = "<group>"; };
		F89459952B1924B8002921FC /* HttpClient.swift */ = {isa = PBXFileReference; fileEncoding = 4; lastKnownFileType = sourcecode.swift; path = HttpClient.swift; sourceTree = "<group>"; };
		F89459962B1924B8002921FC /* SearchClient.swift */ = {isa = PBXFileReference; fileEncoding = 4; lastKnownFileType = sourcecode.swift; path = SearchClient.swift; sourceTree = "<group>"; };
		F89459972B1924B8002921FC /* MediaDetailView.swift */ = {isa = PBXFileReference; fileEncoding = 4; lastKnownFileType = sourcecode.swift; path = MediaDetailView.swift; sourceTree = "<group>"; };
		F89459982B1924B8002921FC /* Splash.swift */ = {isa = PBXFileReference; fileEncoding = 4; lastKnownFileType = sourcecode.swift; path = Splash.swift; sourceTree = "<group>"; };
		F89459992B1924B8002921FC /* TabBarView.swift */ = {isa = PBXFileReference; fileEncoding = 4; lastKnownFileType = sourcecode.swift; path = TabBarView.swift; sourceTree = "<group>"; };
		F894599A2B1924B8002921FC /* MediaMoreModal.swift */ = {isa = PBXFileReference; fileEncoding = 4; lastKnownFileType = sourcecode.swift; path = MediaMoreModal.swift; sourceTree = "<group>"; };
		F894599C2B1924B8002921FC /* defaultImage.png */ = {isa = PBXFileReference; lastKnownFileType = image.png; path = defaultImage.png; sourceTree = "<group>"; };
		F894599E2B1924B8002921FC /* authModel.swift */ = {isa = PBXFileReference; fileEncoding = 4; lastKnownFileType = sourcecode.swift; path = authModel.swift; sourceTree = "<group>"; };
		F894599F2B1924B8002921FC /* LoginView.swift */ = {isa = PBXFileReference; fileEncoding = 4; lastKnownFileType = sourcecode.swift; path = LoginView.swift; sourceTree = "<group>"; };
		F89459A02B1924B8002921FC /* KeychainService.swift */ = {isa = PBXFileReference; fileEncoding = 4; lastKnownFileType = sourcecode.swift; path = KeychainService.swift; sourceTree = "<group>"; };
		F89459A12B1924B8002921FC /* CreateAccountView.swift */ = {isa = PBXFileReference; fileEncoding = 4; lastKnownFileType = sourcecode.swift; path = CreateAccountView.swift; sourceTree = "<group>"; };
		F8C9FD4C2B1A75E700169602 /* ICON.png */ = {isa = PBXFileReference; lastKnownFileType = image.png; path = ICON.png; sourceTree = "<group>"; };
/* End PBXFileReference section */

/* Begin PBXFrameworksBuildPhase section */
		F89459672B192482002921FC /* Frameworks */ = {
			isa = PBXFrameworksBuildPhase;
			buildActionMask = 2147483647;
			files = (
			);
			runOnlyForDeploymentPostprocessing = 0;
		};
/* End PBXFrameworksBuildPhase section */

/* Begin PBXGroup section */
		F89459612B192482002921FC = {
			isa = PBXGroup;
			children = (
				F894596C2B192482002921FC /* FinalApp_Aldarraji_majid */,
				F894596B2B192482002921FC /* Products */,
			);
			sourceTree = "<group>";
		};
		F894596B2B192482002921FC /* Products */ = {
			isa = PBXGroup;
			children = (
				F894596A2B192482002921FC /* FinalApp_Aldarraji_majid.app */,
			);
			name = Products;
			sourceTree = "<group>";
		};
		F894596C2B192482002921FC /* FinalApp_Aldarraji_majid */ = {
			isa = PBXGroup;
			children = (
				F894596D2B192482002921FC /* FinalApp_Aldarraji_majidApp.swift */,
				F8C9FD4C2B1A75E700169602 /* ICON.png */,
				F894596F2B192482002921FC /* ContentView.swift */,
				F89459932B1924B8002921FC /* api */,
				F894599D2B1924B8002921FC /* Auth */,
				F894597B2B1924B8002921FC /* Components */,
				F894599C2B1924B8002921FC /* defaultImage.png */,
				F894598C2B1924B8002921FC /* DiaryTab */,
				F89459972B1924B8002921FC /* MediaDetailView.swift */,
				F894599A2B1924B8002921FC /* MediaMoreModal.swift */,
				F894597F2B1924B8002921FC /* Profiletab */,
				F89459862B1924B8002921FC /* SearchTab */,
				F89459982B1924B8002921FC /* Splash.swift */,
				F89459992B1924B8002921FC /* TabBarView.swift */,
				F89459712B192483002921FC /* Assets.xcassets */,
				F89459732B192483002921FC /* Preview Content */,
			);
			path = FinalApp_Aldarraji_majid;
			sourceTree = "<group>";
		};
		F89459732B192483002921FC /* Preview Content */ = {
			isa = PBXGroup;
			children = (
				F89459742B192483002921FC /* Preview Assets.xcassets */,
			);
			path = "Preview Content";
			sourceTree = "<group>";
		};
		F894597B2B1924B8002921FC /* Components */ = {
			isa = PBXGroup;
			children = (
				F894597C2B1924B8002921FC /* FormInput.swift */,
				F894597D2B1924B8002921FC /* RatingView.swift */,
				F894597E2B1924B8002921FC /* DebounceInput.swift */,
			);
			path = Components;
			sourceTree = "<group>";
		};
		F894597F2B1924B8002921FC /* Profiletab */ = {
			isa = PBXGroup;
			children = (
				F89459802B1924B8002921FC /* SettingsSheet.swift */,
				F89459812B1924B8002921FC /* AddTop4Sheet.swift */,
				F89459822B1924B8002921FC /* UserFollowClient.swift */,
				F89459832B1924B8002921FC /* ProfileTab.swift */,
				F89459842B1924B8002921FC /* Top4Utils.swift */,
				F89459852B1924B8002921FC /* ProfileModel.swift */,
			);
			path = Profiletab;
			sourceTree = "<group>";
		};
		F89459862B1924B8002921FC /* SearchTab */ = {
			isa = PBXGroup;
			children = (
				F89459872B1924B8002921FC /* PeopleSearchResultView.swift */,
				F89459882B1924B8002921FC /* DiscoverView.swift */,
				F89459892B1924B8002921FC /* SearchTab.swift */,
				F894598A2B1924B8002921FC /* MediaSearchResult.swift */,
				F894598B2B1924B8002921FC /* ScrollSearch.swift */,
			);
			path = SearchTab;
			sourceTree = "<group>";
		};
		F894598C2B1924B8002921FC /* DiaryTab */ = {
			isa = PBXGroup;
			children = (
				F894598D2B1924B8002921FC /* DiaryTab.swift */,
				F894598E2B1924B8002921FC /* DiaryTabv2.swift */,
				F894598F2B1924B8002921FC /* Review */,
			);
			path = DiaryTab;
			sourceTree = "<group>";
		};
		F894598F2B1924B8002921FC /* Review */ = {
			isa = PBXGroup;
			children = (
				F89459902B1924B8002921FC /* CReviewModel.swift */,
				F89459912B1924B8002921FC /* CreateReview.swift */,
				F89459922B1924B8002921FC /* GetReviews.swift */,
			);
			path = Review;
			sourceTree = "<group>";
		};
		F89459932B1924B8002921FC /* api */ = {
			isa = PBXGroup;
			children = (
				F89459942B1924B8002921FC /* tmdbImage.swift */,
				F89459952B1924B8002921FC /* HttpClient.swift */,
				F89459962B1924B8002921FC /* SearchClient.swift */,
			);
			path = api;
			sourceTree = "<group>";
		};
		F894599D2B1924B8002921FC /* Auth */ = {
			isa = PBXGroup;
			children = (
				F894599E2B1924B8002921FC /* authModel.swift */,
				F894599F2B1924B8002921FC /* LoginView.swift */,
				F89459A02B1924B8002921FC /* KeychainService.swift */,
				F89459A12B1924B8002921FC /* CreateAccountView.swift */,
			);
			path = Auth;
			sourceTree = "<group>";
		};
/* End PBXGroup section */

/* Begin PBXNativeTarget section */
		F89459692B192482002921FC /* FinalApp_Aldarraji_majid */ = {
			isa = PBXNativeTarget;
			buildConfigurationList = F89459782B192483002921FC /* Build configuration list for PBXNativeTarget "FinalApp_Aldarraji_majid" */;
			buildPhases = (
				F89459662B192482002921FC /* Sources */,
				F89459672B192482002921FC /* Frameworks */,
				F89459682B192482002921FC /* Resources */,
			);
			buildRules = (
			);
			dependencies = (
			);
			name = FinalApp_Aldarraji_majid;
			productName = FinalApp_Aldarraji_majid;
			productReference = F894596A2B192482002921FC /* FinalApp_Aldarraji_majid.app */;
			productType = "com.apple.product-type.application";
		};
/* End PBXNativeTarget section */

/* Begin PBXProject section */
		F89459622B192482002921FC /* Project object */ = {
			isa = PBXProject;
			attributes = {
				BuildIndependentTargetsInParallel = 1;
				LastSwiftUpdateCheck = 1500;
				LastUpgradeCheck = 1500;
				TargetAttributes = {
					F89459692B192482002921FC = {
						CreatedOnToolsVersion = 15.0.1;
					};
				};
			};
			buildConfigurationList = F89459652B192482002921FC /* Build configuration list for PBXProject "FinalApp_Aldarraji_majid" */;
			compatibilityVersion = "Xcode 14.0";
			developmentRegion = en;
			hasScannedForEncodings = 0;
			knownRegions = (
				en,
				Base,
			);
			mainGroup = F89459612B192482002921FC;
			productRefGroup = F894596B2B192482002921FC /* Products */;
			projectDirPath = "";
			projectRoot = "";
			targets = (
				F89459692B192482002921FC /* FinalApp_Aldarraji_majid */,
			);
		};
/* End PBXProject section */

/* Begin PBXResourcesBuildPhase section */
		F89459682B192482002921FC /* Resources */ = {
			isa = PBXResourcesBuildPhase;
			buildActionMask = 2147483647;
			files = (
				F8C9FD4D2B1A75E700169602 /* ICON.png in Resources */,
				F89459752B192483002921FC /* Preview Assets.xcassets in Resources */,
				F89459722B192483002921FC /* Assets.xcassets in Resources */,
				F89459BD2B1924B8002921FC /* defaultImage.png in Resources */,
			);
			runOnlyForDeploymentPostprocessing = 0;
		};
/* End PBXResourcesBuildPhase section */

/* Begin PBXSourcesBuildPhase section */
		F89459662B192482002921FC /* Sources */ = {
			isa = PBXSourcesBuildPhase;
			buildActionMask = 2147483647;
			files = (
				F89459AC2B1924B8002921FC /* DiscoverView.swift in Sources */,
				F89459BA2B1924B8002921FC /* TabBarView.swift in Sources */,
				F89459AB2B1924B8002921FC /* PeopleSearchResultView.swift in Sources */,
				F89459B72B1924B8002921FC /* SearchClient.swift in Sources */,
				F89459AF2B1924B8002921FC /* ScrollSearch.swift in Sources */,
				F89459A52B1924B8002921FC /* SettingsSheet.swift in Sources */,
				F89459A22B1924B8002921FC /* FormInput.swift in Sources */,
				F89459B42B1924B8002921FC /* GetReviews.swift in Sources */,
				F89459A72B1924B8002921FC /* UserFollowClient.swift in Sources */,
				F89459B82B1924B8002921FC /* MediaDetailView.swift in Sources */,
				F89459AA2B1924B8002921FC /* ProfileModel.swift in Sources */,
				F89459702B192482002921FC /* ContentView.swift in Sources */,
				F89459A92B1924B8002921FC /* Top4Utils.swift in Sources */,
				F89459B92B1924B8002921FC /* Splash.swift in Sources */,
				F89459C12B1924B8002921FC /* CreateAccountView.swift in Sources */,
				F89459A62B1924B8002921FC /* AddTop4Sheet.swift in Sources */,
				F89459BE2B1924B8002921FC /* authModel.swift in Sources */,
				F89459BB2B1924B8002921FC /* MediaMoreModal.swift in Sources */,
				F89459AE2B1924B8002921FC /* MediaSearchResult.swift in Sources */,
				F89459BF2B1924B8002921FC /* LoginView.swift in Sources */,
				F894596E2B192482002921FC /* FinalApp_Aldarraji_majidApp.swift in Sources */,
				F89459A82B1924B8002921FC /* ProfileTab.swift in Sources */,
				F89459B22B1924B8002921FC /* CReviewModel.swift in Sources */,
				F89459A32B1924B8002921FC /* RatingView.swift in Sources */,
				F89459B02B1924B8002921FC /* DiaryTab.swift in Sources */,
				F89459B62B1924B8002921FC /* HttpClient.swift in Sources */,
				F89459B12B1924B8002921FC /* DiaryTabv2.swift in Sources */,
				F89459A42B1924B8002921FC /* DebounceInput.swift in Sources */,
				F89459AD2B1924B8002921FC /* SearchTab.swift in Sources */,
				F89459B52B1924B8002921FC /* tmdbImage.swift in Sources */,
				F89459C02B1924B8002921FC /* KeychainService.swift in Sources */,
				F89459B32B1924B8002921FC /* CreateReview.swift in Sources */,
			);
			runOnlyForDeploymentPostprocessing = 0;
		};
/* End PBXSourcesBuildPhase section */

/* Begin XCBuildConfiguration section */
		F89459762B192483002921FC /* Debug */ = {
			isa = XCBuildConfiguration;
			buildSettings = {
				ALWAYS_SEARCH_USER_PATHS = NO;
				ASSETCATALOG_COMPILER_GENERATE_SWIFT_ASSET_SYMBOL_EXTENSIONS = YES;
				CLANG_ANALYZER_NONNULL = YES;
				CLANG_ANALYZER_NUMBER_OBJECT_CONVERSION = YES_AGGRESSIVE;
				CLANG_CXX_LANGUAGE_STANDARD = "gnu++20";
				CLANG_ENABLE_MODULES = YES;
				CLANG_ENABLE_OBJC_ARC = YES;
				CLANG_ENABLE_OBJC_WEAK = YES;
				CLANG_WARN_BLOCK_CAPTURE_AUTORELEASING = YES;
				CLANG_WARN_BOOL_CONVERSION = YES;
				CLANG_WARN_COMMA = YES;
				CLANG_WARN_CONSTANT_CONVERSION = YES;
				CLANG_WARN_DEPRECATED_OBJC_IMPLEMENTATIONS = YES;
				CLANG_WARN_DIRECT_OBJC_ISA_USAGE = YES_ERROR;
				CLANG_WARN_DOCUMENTATION_COMMENTS = YES;
				CLANG_WARN_EMPTY_BODY = YES;
				CLANG_WARN_ENUM_CONVERSION = YES;
				CLANG_WARN_INFINITE_RECURSION = YES;
				CLANG_WARN_INT_CONVERSION = YES;
				CLANG_WARN_NON_LITERAL_NULL_CONVERSION = YES;
				CLANG_WARN_OBJC_IMPLICIT_RETAIN_SELF = YES;
				CLANG_WARN_OBJC_LITERAL_CONVERSION = YES;
				CLANG_WARN_OBJC_ROOT_CLASS = YES_ERROR;
				CLANG_WARN_QUOTED_INCLUDE_IN_FRAMEWORK_HEADER = YES;
				CLANG_WARN_RANGE_LOOP_ANALYSIS = YES;
				CLANG_WARN_STRICT_PROTOTYPES = YES;
				CLANG_WARN_SUSPICIOUS_MOVE = YES;
				CLANG_WARN_UNGUARDED_AVAILABILITY = YES_AGGRESSIVE;
				CLANG_WARN_UNREACHABLE_CODE = YES;
				CLANG_WARN__DUPLICATE_METHOD_MATCH = YES;
				COPY_PHASE_STRIP = NO;
				DEBUG_INFORMATION_FORMAT = dwarf;
				ENABLE_STRICT_OBJC_MSGSEND = YES;
				ENABLE_TESTABILITY = YES;
				ENABLE_USER_SCRIPT_SANDBOXING = YES;
				GCC_C_LANGUAGE_STANDARD = gnu17;
				GCC_DYNAMIC_NO_PIC = NO;
				GCC_NO_COMMON_BLOCKS = YES;
				GCC_OPTIMIZATION_LEVEL = 0;
				GCC_PREPROCESSOR_DEFINITIONS = (
					"DEBUG=1",
					"$(inherited)",
				);
				GCC_WARN_64_TO_32_BIT_CONVERSION = YES;
				GCC_WARN_ABOUT_RETURN_TYPE = YES_ERROR;
				GCC_WARN_UNDECLARED_SELECTOR = YES;
				GCC_WARN_UNINITIALIZED_AUTOS = YES_AGGRESSIVE;
				GCC_WARN_UNUSED_FUNCTION = YES;
				GCC_WARN_UNUSED_VARIABLE = YES;
				IPHONEOS_DEPLOYMENT_TARGET = 17.0;
				LOCALIZATION_PREFERS_STRING_CATALOGS = YES;
				MTL_ENABLE_DEBUG_INFO = INCLUDE_SOURCE;
				MTL_FAST_MATH = YES;
				ONLY_ACTIVE_ARCH = YES;
				SDKROOT = iphoneos;
				SWIFT_ACTIVE_COMPILATION_CONDITIONS = "DEBUG $(inherited)";
				SWIFT_OPTIMIZATION_LEVEL = "-Onone";
			};
			name = Debug;
		};
		F89459772B192483002921FC /* Release */ = {
			isa = XCBuildConfiguration;
			buildSettings = {
				ALWAYS_SEARCH_USER_PATHS = NO;
				ASSETCATALOG_COMPILER_GENERATE_SWIFT_ASSET_SYMBOL_EXTENSIONS = YES;
				CLANG_ANALYZER_NONNULL = YES;
				CLANG_ANALYZER_NUMBER_OBJECT_CONVERSION = YES_AGGRESSIVE;
				CLANG_CXX_LANGUAGE_STANDARD = "gnu++20";
				CLANG_ENABLE_MODULES = YES;
				CLANG_ENABLE_OBJC_ARC = YES;
				CLANG_ENABLE_OBJC_WEAK = YES;
				CLANG_WARN_BLOCK_CAPTURE_AUTORELEASING = YES;
				CLANG_WARN_BOOL_CONVERSION = YES;
				CLANG_WARN_COMMA = YES;
				CLANG_WARN_CONSTANT_CONVERSION = YES;
				CLANG_WARN_DEPRECATED_OBJC_IMPLEMENTATIONS = YES;
				CLANG_WARN_DIRECT_OBJC_ISA_USAGE = YES_ERROR;
				CLANG_WARN_DOCUMENTATION_COMMENTS = YES;
				CLANG_WARN_EMPTY_BODY = YES;
				CLANG_WARN_ENUM_CONVERSION = YES;
				CLANG_WARN_INFINITE_RECURSION = YES;
				CLANG_WARN_INT_CONVERSION = YES;
				CLANG_WARN_NON_LITERAL_NULL_CONVERSION = YES;
				CLANG_WARN_OBJC_IMPLICIT_RETAIN_SELF = YES;
				CLANG_WARN_OBJC_LITERAL_CONVERSION = YES;
				CLANG_WARN_OBJC_ROOT_CLASS = YES_ERROR;
				CLANG_WARN_QUOTED_INCLUDE_IN_FRAMEWORK_HEADER = YES;
				CLANG_WARN_RANGE_LOOP_ANALYSIS = YES;
				CLANG_WARN_STRICT_PROTOTYPES = YES;
				CLANG_WARN_SUSPICIOUS_MOVE = YES;
				CLANG_WARN_UNGUARDED_AVAILABILITY = YES_AGGRESSIVE;
				CLANG_WARN_UNREACHABLE_CODE = YES;
				CLANG_WARN__DUPLICATE_METHOD_MATCH = YES;
				COPY_PHASE_STRIP = NO;
				DEBUG_INFORMATION_FORMAT = "dwarf-with-dsym";
				ENABLE_NS_ASSERTIONS = NO;
				ENABLE_STRICT_OBJC_MSGSEND = YES;
				ENABLE_USER_SCRIPT_SANDBOXING = YES;
				GCC_C_LANGUAGE_STANDARD = gnu17;
				GCC_NO_COMMON_BLOCKS = YES;
				GCC_WARN_64_TO_32_BIT_CONVERSION = YES;
				GCC_WARN_ABOUT_RETURN_TYPE = YES_ERROR;
				GCC_WARN_UNDECLARED_SELECTOR = YES;
				GCC_WARN_UNINITIALIZED_AUTOS = YES_AGGRESSIVE;
				GCC_WARN_UNUSED_FUNCTION = YES;
				GCC_WARN_UNUSED_VARIABLE = YES;
				IPHONEOS_DEPLOYMENT_TARGET = 17.0;
				LOCALIZATION_PREFERS_STRING_CATALOGS = YES;
				MTL_ENABLE_DEBUG_INFO = NO;
				MTL_FAST_MATH = YES;
				SDKROOT = iphoneos;
				SWIFT_COMPILATION_MODE = wholemodule;
				VALIDATE_PRODUCT = YES;
			};
			name = Release;
		};
		F89459792B192483002921FC /* Debug */ = {
			isa = XCBuildConfiguration;
			buildSettings = {
				ASSETCATALOG_COMPILER_APPICON_NAME = AppIcon;
				ASSETCATALOG_COMPILER_GLOBAL_ACCENT_COLOR_NAME = AccentColor;
				CODE_SIGN_STYLE = Automatic;
				CURRENT_PROJECT_VERSION = 1;
				DEVELOPMENT_ASSET_PATHS = "\"FinalApp_Aldarraji_majid/Preview Content\"";
				ENABLE_PREVIEWS = YES;
				GENERATE_INFOPLIST_FILE = YES;
				INFOPLIST_KEY_UIApplicationSceneManifest_Generation = YES;
				INFOPLIST_KEY_UIApplicationSupportsIndirectInputEvents = YES;
				INFOPLIST_KEY_UILaunchScreen_Generation = YES;
				INFOPLIST_KEY_UISupportedInterfaceOrientations_iPad = "UIInterfaceOrientationPortrait UIInterfaceOrientationPortraitUpsideDown UIInterfaceOrientationLandscapeLeft UIInterfaceOrientationLandscapeRight";
				INFOPLIST_KEY_UISupportedInterfaceOrientations_iPhone = "UIInterfaceOrientationPortrait UIInterfaceOrientationLandscapeLeft UIInterfaceOrientationLandscapeRight";
				LD_RUNPATH_SEARCH_PATHS = (
					"$(inherited)",
					"@executable_path/Frameworks",
				);
				MARKETING_VERSION = 1.0;
				PRODUCT_BUNDLE_IDENTIFIER = "com.anon.FinalApp-Aldarraji-majid";
				PRODUCT_NAME = "$(TARGET_NAME)";
				SWIFT_EMIT_LOC_STRINGS = YES;
				SWIFT_VERSION = 5.0;
				TARGETED_DEVICE_FAMILY = "1,2";
			};
			name = Debug;
		};
		F894597A2B192483002921FC /* Release */ = {
			isa = XCBuildConfiguration;
			buildSettings = {
				ASSETCATALOG_COMPILER_APPICON_NAME = AppIcon;
				ASSETCATALOG_COMPILER_GLOBAL_ACCENT_COLOR_NAME = AccentColor;
				CODE_SIGN_STYLE = Automatic;
				CURRENT_PROJECT_VERSION = 1;
				DEVELOPMENT_ASSET_PATHS = "\"FinalApp_Aldarraji_majid/Preview Content\"";
				ENABLE_PREVIEWS = YES;
				GENERATE_INFOPLIST_FILE = YES;
				INFOPLIST_KEY_UIApplicationSceneManifest_Generation = YES;
				INFOPLIST_KEY_UIApplicationSupportsIndirectInputEvents = YES;
				INFOPLIST_KEY_UILaunchScreen_Generation = YES;
				INFOPLIST_KEY_UISupportedInterfaceOrientations_iPad = "UIInterfaceOrientationPortrait UIInterfaceOrientationPortraitUpsideDown UIInterfaceOrientationLandscapeLeft UIInterfaceOrientationLandscapeRight";
				INFOPLIST_KEY_UISupportedInterfaceOrientations_iPhone = "UIInterfaceOrientationPortrait UIInterfaceOrientationLandscapeLeft UIInterfaceOrientationLandscapeRight";
				LD_RUNPATH_SEARCH_PATHS = (
					"$(inherited)",
					"@executable_path/Frameworks",
				);
				MARKETING_VERSION = 1.0;
				PRODUCT_BUNDLE_IDENTIFIER = "com.anon.FinalApp-Aldarraji-majid";
				PRODUCT_NAME = "$(TARGET_NAME)";
				SWIFT_EMIT_LOC_STRINGS = YES;
				SWIFT_VERSION = 5.0;
				TARGETED_DEVICE_FAMILY = "1,2";
			};
			name = Release;
		};
/* End XCBuildConfiguration section */

/* Begin XCConfigurationList section */
		F89459652B192482002921FC /* Build configuration list for PBXProject "FinalApp_Aldarraji_majid" */ = {
			isa = XCConfigurationList;
			buildConfigurations = (
				F89459762B192483002921FC /* Debug */,
				F89459772B192483002921FC /* Release */,
			);
			defaultConfigurationIsVisible = 0;
			defaultConfigurationName = Release;
		};
		F89459782B192483002921FC /* Build configuration list for PBXNativeTarget "FinalApp_Aldarraji_majid" */ = {
			isa = XCConfigurationList;
			buildConfigurations = (
				F89459792B192483002921FC /* Debug */,
				F894597A2B192483002921FC /* Release */,
			);
			defaultConfigurationIsVisible = 0;
			defaultConfigurationName = Release;
		};
/* End XCConfigurationList section */
	};
	rootObject = F89459622B192482002921FC /* Project object */;
}
