// !$*UTF8*$!
{
	archiveVersion = 1;
	classes = {
	};
	objectVersion = 56;
	objects = {

/* Begin PBXBuildFile section */
		F806AF142B17C2E900881796 /* CReviewModel.swift in Sources */ = {isa = PBXBuildFile; fileRef = F806AF132B17C2E900881796 /* CReviewModel.swift */; };
		F806AF162B17C3CD00881796 /* DiaryTabv2.swift in Sources */ = {isa = PBXBuildFile; fileRef = F806AF152B17C3CD00881796 /* DiaryTabv2.swift */; };
		F80BEFA42B184BD3009AD78D /* AddTop4Sheet.swift in Sources */ = {isa = PBXBuildFile; fileRef = F80BEFA32B184BD3009AD78D /* AddTop4Sheet.swift */; };
		F831570E2B182FA500BFCE78 /* CreateReview.swift in Sources */ = {isa = PBXBuildFile; fileRef = F831570D2B182FA500BFCE78 /* CreateReview.swift */; };
		F837B1A22B0F034B005F33FD /* DiscoverView.swift in Sources */ = {isa = PBXBuildFile; fileRef = F837B1A12B0F034B005F33FD /* DiscoverView.swift */; };
		F837B1A42B0F03D5005F33FD /* MediaSearchResult.swift in Sources */ = {isa = PBXBuildFile; fileRef = F837B1A32B0F03D5005F33FD /* MediaSearchResult.swift */; };
		F837B1A62B0F0567005F33FD /* PeopleSearchResultView.swift in Sources */ = {isa = PBXBuildFile; fileRef = F837B1A52B0F0567005F33FD /* PeopleSearchResultView.swift */; };
		F84587CF2B18F5F7009AB5D7 /* Top4Utils.swift in Sources */ = {isa = PBXBuildFile; fileRef = F84587CE2B18F5F7009AB5D7 /* Top4Utils.swift */; };
		F84587D12B1919F0009AB5D7 /* ICON.png in Resources */ = {isa = PBXBuildFile; fileRef = F84587D02B1919F0009AB5D7 /* ICON.png */; };
		F84587D32B191AB0009AB5D7 /* Splash.swift in Sources */ = {isa = PBXBuildFile; fileRef = F84587D22B191AB0009AB5D7 /* Splash.swift */; };
		F85296D92B09D638008EF726 /* DebounceInput.swift in Sources */ = {isa = PBXBuildFile; fileRef = F85296D82B09D637008EF726 /* DebounceInput.swift */; };
		F893FD402AFB357600EEA5A3 /* ProfileModel.swift in Sources */ = {isa = PBXBuildFile; fileRef = F893FD3F2AFB357600EEA5A3 /* ProfileModel.swift */; };
		F8BE831F2AF84A09007DFF42 /* kinodeApp.swift in Sources */ = {isa = PBXBuildFile; fileRef = F8BE831E2AF84A09007DFF42 /* kinodeApp.swift */; };
		F8BE83212AF84A09007DFF42 /* ContentView.swift in Sources */ = {isa = PBXBuildFile; fileRef = F8BE83202AF84A09007DFF42 /* ContentView.swift */; };
		F8BE83232AF84A0A007DFF42 /* Assets.xcassets in Resources */ = {isa = PBXBuildFile; fileRef = F8BE83222AF84A0A007DFF42 /* Assets.xcassets */; };
		F8BE83262AF84A0A007DFF42 /* Preview Assets.xcassets in Resources */ = {isa = PBXBuildFile; fileRef = F8BE83252AF84A0A007DFF42 /* Preview Assets.xcassets */; };
		F8C3A13E2B152FF9000E5E39 /* UserFollowClient.swift in Sources */ = {isa = PBXBuildFile; fileRef = F8C3A13D2B152FF9000E5E39 /* UserFollowClient.swift */; };
		F8EF590E2B09901200EE3F7A /* SettingsSheet.swift in Sources */ = {isa = PBXBuildFile; fileRef = F8EF590D2B09901200EE3F7A /* SettingsSheet.swift */; };
		F8FA11502AF84AD900EB094B /* SearchTab.swift in Sources */ = {isa = PBXBuildFile; fileRef = F8FA11362AF84AD900EB094B /* SearchTab.swift */; };
		F8FA11512AF84AD900EB094B /* authModel.swift in Sources */ = {isa = PBXBuildFile; fileRef = F8FA11382AF84AD900EB094B /* authModel.swift */; };
		F8FA11522AF84AD900EB094B /* LoginView.swift in Sources */ = {isa = PBXBuildFile; fileRef = F8FA11392AF84AD900EB094B /* LoginView.swift */; };
		F8FA11532AF84AD900EB094B /* KeychainService.swift in Sources */ = {isa = PBXBuildFile; fileRef = F8FA113A2AF84AD900EB094B /* KeychainService.swift */; };
		F8FA11542AF84AD900EB094B /* CreateAccountView.swift in Sources */ = {isa = PBXBuildFile; fileRef = F8FA113B2AF84AD900EB094B /* CreateAccountView.swift */; };
		F8FA11562AF84AD900EB094B /* GetReviews.swift in Sources */ = {isa = PBXBuildFile; fileRef = F8FA113E2AF84AD900EB094B /* GetReviews.swift */; };
		F8FA11572AF84AD900EB094B /* ScrollSearch.swift in Sources */ = {isa = PBXBuildFile; fileRef = F8FA11402AF84AD900EB094B /* ScrollSearch.swift */; };
		F8FA11592AF84AD900EB094B /* ProfileTab.swift in Sources */ = {isa = PBXBuildFile; fileRef = F8FA11422AF84AD900EB094B /* ProfileTab.swift */; };
		F8FA115A2AF84AD900EB094B /* MediaMoreModal.swift in Sources */ = {isa = PBXBuildFile; fileRef = F8FA11432AF84AD900EB094B /* MediaMoreModal.swift */; };
		F8FA115B2AF84AD900EB094B /* FormInput.swift in Sources */ = {isa = PBXBuildFile; fileRef = F8FA11452AF84AD900EB094B /* FormInput.swift */; };
		F8FA115C2AF84AD900EB094B /* RatingView.swift in Sources */ = {isa = PBXBuildFile; fileRef = F8FA11462AF84AD900EB094B /* RatingView.swift */; };
		F8FA115D2AF84AD900EB094B /* MediaDetailView.swift in Sources */ = {isa = PBXBuildFile; fileRef = F8FA11472AF84AD900EB094B /* MediaDetailView.swift */; };
		F8FA115E2AF84AD900EB094B /* DiaryTab.swift in Sources */ = {isa = PBXBuildFile; fileRef = F8FA11482AF84AD900EB094B /* DiaryTab.swift */; };
		F8FA11602AF84AD900EB094B /* TabBarView.swift in Sources */ = {isa = PBXBuildFile; fileRef = F8FA114A2AF84AD900EB094B /* TabBarView.swift */; };
		F8FA11612AF84AD900EB094B /* tmdbImage.swift in Sources */ = {isa = PBXBuildFile; fileRef = F8FA114C2AF84AD900EB094B /* tmdbImage.swift */; };
		F8FA11622AF84AD900EB094B /* HttpClient.swift in Sources */ = {isa = PBXBuildFile; fileRef = F8FA114D2AF84AD900EB094B /* HttpClient.swift */; };
		F8FA11632AF84AD900EB094B /* SearchClient.swift in Sources */ = {isa = PBXBuildFile; fileRef = F8FA114E2AF84AD900EB094B /* SearchClient.swift */; };
/* End PBXBuildFile section */

/* Begin PBXFileReference section */
		F806AF132B17C2E900881796 /* CReviewModel.swift */ = {isa = PBXFileReference; lastKnownFileType = sourcecode.swift; path = CReviewModel.swift; sourceTree = "<group>"; };
		F806AF152B17C3CD00881796 /* DiaryTabv2.swift */ = {isa = PBXFileReference; lastKnownFileType = sourcecode.swift; path = DiaryTabv2.swift; sourceTree = "<group>"; };
		F80BEFA32B184BD3009AD78D /* AddTop4Sheet.swift */ = {isa = PBXFileReference; lastKnownFileType = sourcecode.swift; path = AddTop4Sheet.swift; sourceTree = "<group>"; };
		F831570D2B182FA500BFCE78 /* CreateReview.swift */ = {isa = PBXFileReference; lastKnownFileType = sourcecode.swift; path = CreateReview.swift; sourceTree = "<group>"; };
		F837B1A12B0F034B005F33FD /* DiscoverView.swift */ = {isa = PBXFileReference; lastKnownFileType = sourcecode.swift; path = DiscoverView.swift; sourceTree = "<group>"; };
		F837B1A32B0F03D5005F33FD /* MediaSearchResult.swift */ = {isa = PBXFileReference; lastKnownFileType = sourcecode.swift; path = MediaSearchResult.swift; sourceTree = "<group>"; };
		F837B1A52B0F0567005F33FD /* PeopleSearchResultView.swift */ = {isa = PBXFileReference; lastKnownFileType = sourcecode.swift; path = PeopleSearchResultView.swift; sourceTree = "<group>"; };
		F84587CE2B18F5F7009AB5D7 /* Top4Utils.swift */ = {isa = PBXFileReference; lastKnownFileType = sourcecode.swift; path = Top4Utils.swift; sourceTree = "<group>"; };
		F84587D02B1919F0009AB5D7 /* ICON.png */ = {isa = PBXFileReference; lastKnownFileType = image.png; path = ICON.png; sourceTree = "<group>"; };
		F84587D22B191AB0009AB5D7 /* Splash.swift */ = {isa = PBXFileReference; lastKnownFileType = sourcecode.swift; path = Splash.swift; sourceTree = "<group>"; };
		F85296D82B09D637008EF726 /* DebounceInput.swift */ = {isa = PBXFileReference; lastKnownFileType = sourcecode.swift; path = DebounceInput.swift; sourceTree = "<group>"; };
		F893FD3F2AFB357600EEA5A3 /* ProfileModel.swift */ = {isa = PBXFileReference; lastKnownFileType = sourcecode.swift; path = ProfileModel.swift; sourceTree = "<group>"; };
		F8BE831B2AF84A09007DFF42 /* kinode.app */ = {isa = PBXFileReference; explicitFileType = wrapper.application; includeInIndex = 0; path = kinode.app; sourceTree = BUILT_PRODUCTS_DIR; };
		F8BE831E2AF84A09007DFF42 /* kinodeApp.swift */ = {isa = PBXFileReference; lastKnownFileType = sourcecode.swift; path = kinodeApp.swift; sourceTree = "<group>"; };
		F8BE83202AF84A09007DFF42 /* ContentView.swift */ = {isa = PBXFileReference; lastKnownFileType = sourcecode.swift; path = ContentView.swift; sourceTree = "<group>"; };
		F8BE83222AF84A0A007DFF42 /* Assets.xcassets */ = {isa = PBXFileReference; lastKnownFileType = folder.assetcatalog; path = Assets.xcassets; sourceTree = "<group>"; };
		F8BE83252AF84A0A007DFF42 /* Preview Assets.xcassets */ = {isa = PBXFileReference; lastKnownFileType = folder.assetcatalog; path = "Preview Assets.xcassets"; sourceTree = "<group>"; };
		F8C3A13D2B152FF9000E5E39 /* UserFollowClient.swift */ = {isa = PBXFileReference; lastKnownFileType = sourcecode.swift; path = UserFollowClient.swift; sourceTree = "<group>"; };
		F8EF590D2B09901200EE3F7A /* SettingsSheet.swift */ = {isa = PBXFileReference; lastKnownFileType = sourcecode.swift; path = SettingsSheet.swift; sourceTree = "<group>"; };
		F8FA11362AF84AD900EB094B /* SearchTab.swift */ = {isa = PBXFileReference; fileEncoding = 4; lastKnownFileType = sourcecode.swift; path = SearchTab.swift; sourceTree = "<group>"; };
		F8FA11382AF84AD900EB094B /* authModel.swift */ = {isa = PBXFileReference; fileEncoding = 4; lastKnownFileType = sourcecode.swift; path = authModel.swift; sourceTree = "<group>"; };
		F8FA11392AF84AD900EB094B /* LoginView.swift */ = {isa = PBXFileReference; fileEncoding = 4; lastKnownFileType = sourcecode.swift; path = LoginView.swift; sourceTree = "<group>"; };
		F8FA113A2AF84AD900EB094B /* KeychainService.swift */ = {isa = PBXFileReference; fileEncoding = 4; lastKnownFileType = sourcecode.swift; path = KeychainService.swift; sourceTree = "<group>"; };
		F8FA113B2AF84AD900EB094B /* CreateAccountView.swift */ = {isa = PBXFileReference; fileEncoding = 4; lastKnownFileType = sourcecode.swift; path = CreateAccountView.swift; sourceTree = "<group>"; };
		F8FA113E2AF84AD900EB094B /* GetReviews.swift */ = {isa = PBXFileReference; fileEncoding = 4; lastKnownFileType = sourcecode.swift; path = GetReviews.swift; sourceTree = "<group>"; };
		F8FA11402AF84AD900EB094B /* ScrollSearch.swift */ = {isa = PBXFileReference; fileEncoding = 4; lastKnownFileType = sourcecode.swift; path = ScrollSearch.swift; sourceTree = "<group>"; };
		F8FA11422AF84AD900EB094B /* ProfileTab.swift */ = {isa = PBXFileReference; fileEncoding = 4; lastKnownFileType = sourcecode.swift; path = ProfileTab.swift; sourceTree = "<group>"; };
		F8FA11432AF84AD900EB094B /* MediaMoreModal.swift */ = {isa = PBXFileReference; fileEncoding = 4; lastKnownFileType = sourcecode.swift; path = MediaMoreModal.swift; sourceTree = "<group>"; };
		F8FA11452AF84AD900EB094B /* FormInput.swift */ = {isa = PBXFileReference; fileEncoding = 4; lastKnownFileType = sourcecode.swift; path = FormInput.swift; sourceTree = "<group>"; };
		F8FA11462AF84AD900EB094B /* RatingView.swift */ = {isa = PBXFileReference; fileEncoding = 4; lastKnownFileType = sourcecode.swift; path = RatingView.swift; sourceTree = "<group>"; };
		F8FA11472AF84AD900EB094B /* MediaDetailView.swift */ = {isa = PBXFileReference; fileEncoding = 4; lastKnownFileType = sourcecode.swift; path = MediaDetailView.swift; sourceTree = "<group>"; };
		F8FA11482AF84AD900EB094B /* DiaryTab.swift */ = {isa = PBXFileReference; fileEncoding = 4; lastKnownFileType = sourcecode.swift; path = DiaryTab.swift; sourceTree = "<group>"; };
		F8FA114A2AF84AD900EB094B /* TabBarView.swift */ = {isa = PBXFileReference; fileEncoding = 4; lastKnownFileType = sourcecode.swift; path = TabBarView.swift; sourceTree = "<group>"; };
		F8FA114C2AF84AD900EB094B /* tmdbImage.swift */ = {isa = PBXFileReference; fileEncoding = 4; lastKnownFileType = sourcecode.swift; path = tmdbImage.swift; sourceTree = "<group>"; };
		F8FA114D2AF84AD900EB094B /* HttpClient.swift */ = {isa = PBXFileReference; fileEncoding = 4; lastKnownFileType = sourcecode.swift; path = HttpClient.swift; sourceTree = "<group>"; };
		F8FA114E2AF84AD900EB094B /* SearchClient.swift */ = {isa = PBXFileReference; fileEncoding = 4; lastKnownFileType = sourcecode.swift; path = SearchClient.swift; sourceTree = "<group>"; };
/* End PBXFileReference section */

/* Begin PBXFrameworksBuildPhase section */
		F8BE83182AF84A09007DFF42 /* Frameworks */ = {
			isa = PBXFrameworksBuildPhase;
			buildActionMask = 2147483647;
			files = (
			);
			runOnlyForDeploymentPostprocessing = 0;
		};
/* End PBXFrameworksBuildPhase section */

/* Begin PBXGroup section */
		F893FD3E2AFB1D5F00EEA5A3 /* Profiletab */ = {
			isa = PBXGroup;
			children = (
				F8C3A13D2B152FF9000E5E39 /* UserFollowClient.swift */,
				F8FA11422AF84AD900EB094B /* ProfileTab.swift */,
				F893FD3F2AFB357600EEA5A3 /* ProfileModel.swift */,
				F8EF590D2B09901200EE3F7A /* SettingsSheet.swift */,
				F80BEFA32B184BD3009AD78D /* AddTop4Sheet.swift */,
				F84587CE2B18F5F7009AB5D7 /* Top4Utils.swift */,
			);
			path = Profiletab;
			sourceTree = "<group>";
		};
		F8BE83122AF84A09007DFF42 = {
			isa = PBXGroup;
			children = (
				F8BE831D2AF84A09007DFF42 /* kinode */,
				F8BE831C2AF84A09007DFF42 /* Products */,
			);
			sourceTree = "<group>";
		};
		F8BE831C2AF84A09007DFF42 /* Products */ = {
			isa = PBXGroup;
			children = (
				F8BE831B2AF84A09007DFF42 /* kinode.app */,
			);
			name = Products;
			sourceTree = "<group>";
		};
		F8BE831D2AF84A09007DFF42 /* kinode */ = {
			isa = PBXGroup;
			children = (
				F84587D02B1919F0009AB5D7 /* ICON.png */,
				F8ECF5432B16AA0B00285211 /* DiaryTab */,
				F893FD3E2AFB1D5F00EEA5A3 /* Profiletab */,
				F8FA114B2AF84AD900EB094B /* api */,
				F8FA11372AF84AD900EB094B /* Auth */,
				F8FA11442AF84AD900EB094B /* Components */,
				F8FA11472AF84AD900EB094B /* MediaDetailView.swift */,
				F8FA11432AF84AD900EB094B /* MediaMoreModal.swift */,
				F8FA113F2AF84AD900EB094B /* SearchTab */,
				F8FA114A2AF84AD900EB094B /* TabBarView.swift */,
				F8BE831E2AF84A09007DFF42 /* kinodeApp.swift */,
				F8BE83202AF84A09007DFF42 /* ContentView.swift */,
				F8BE83222AF84A0A007DFF42 /* Assets.xcassets */,
				F8BE83242AF84A0A007DFF42 /* Preview Content */,
				F84587D22B191AB0009AB5D7 /* Splash.swift */,
			);
			path = kinode;
			sourceTree = "<group>";
		};
		F8BE83242AF84A0A007DFF42 /* Preview Content */ = {
			isa = PBXGroup;
			children = (
				F8BE83252AF84A0A007DFF42 /* Preview Assets.xcassets */,
			);
			path = "Preview Content";
			sourceTree = "<group>";
		};
		F8ECF5432B16AA0B00285211 /* DiaryTab */ = {
			isa = PBXGroup;
			children = (
				F8FA113C2AF84AD900EB094B /* Review */,
				F8FA11482AF84AD900EB094B /* DiaryTab.swift */,
				F806AF152B17C3CD00881796 /* DiaryTabv2.swift */,
			);
			path = DiaryTab;
			sourceTree = "<group>";
		};
		F8FA11372AF84AD900EB094B /* Auth */ = {
			isa = PBXGroup;
			children = (
				F8FA11382AF84AD900EB094B /* authModel.swift */,
				F8FA11392AF84AD900EB094B /* LoginView.swift */,
				F8FA113A2AF84AD900EB094B /* KeychainService.swift */,
				F8FA113B2AF84AD900EB094B /* CreateAccountView.swift */,
			);
			path = Auth;
			sourceTree = "<group>";
		};
		F8FA113C2AF84AD900EB094B /* Review */ = {
			isa = PBXGroup;
			children = (
				F8FA113E2AF84AD900EB094B /* GetReviews.swift */,
				F806AF132B17C2E900881796 /* CReviewModel.swift */,
				F831570D2B182FA500BFCE78 /* CreateReview.swift */,
			);
			path = Review;
			sourceTree = "<group>";
		};
		F8FA113F2AF84AD900EB094B /* SearchTab */ = {
			isa = PBXGroup;
			children = (
				F8FA11362AF84AD900EB094B /* SearchTab.swift */,
				F8FA11402AF84AD900EB094B /* ScrollSearch.swift */,
				F837B1A12B0F034B005F33FD /* DiscoverView.swift */,
				F837B1A32B0F03D5005F33FD /* MediaSearchResult.swift */,
				F837B1A52B0F0567005F33FD /* PeopleSearchResultView.swift */,
			);
			path = SearchTab;
			sourceTree = "<group>";
		};
		F8FA11442AF84AD900EB094B /* Components */ = {
			isa = PBXGroup;
			children = (
				F8FA11452AF84AD900EB094B /* FormInput.swift */,
				F8FA11462AF84AD900EB094B /* RatingView.swift */,
				F85296D82B09D637008EF726 /* DebounceInput.swift */,
			);
			path = Components;
			sourceTree = "<group>";
		};
		F8FA114B2AF84AD900EB094B /* api */ = {
			isa = PBXGroup;
			children = (
				F8FA114C2AF84AD900EB094B /* tmdbImage.swift */,
				F8FA114D2AF84AD900EB094B /* HttpClient.swift */,
				F8FA114E2AF84AD900EB094B /* SearchClient.swift */,
			);
			path = api;
			sourceTree = "<group>";
		};
/* End PBXGroup section */

/* Begin PBXNativeTarget section */
		F8BE831A2AF84A09007DFF42 /* kinode */ = {
			isa = PBXNativeTarget;
			buildConfigurationList = F8BE83292AF84A0A007DFF42 /* Build configuration list for PBXNativeTarget "kinode" */;
			buildPhases = (
				F8BE83172AF84A09007DFF42 /* Sources */,
				F8BE83182AF84A09007DFF42 /* Frameworks */,
				F8BE83192AF84A09007DFF42 /* Resources */,
			);
			buildRules = (
			);
			dependencies = (
			);
			name = kinode;
			productName = kinode;
			productReference = F8BE831B2AF84A09007DFF42 /* kinode.app */;
			productType = "com.apple.product-type.application";
		};
/* End PBXNativeTarget section */

/* Begin PBXProject section */
		F8BE83132AF84A09007DFF42 /* Project object */ = {
			isa = PBXProject;
			attributes = {
				BuildIndependentTargetsInParallel = 1;
				LastSwiftUpdateCheck = 1500;
				LastUpgradeCheck = 1500;
				TargetAttributes = {
					F8BE831A2AF84A09007DFF42 = {
						CreatedOnToolsVersion = 15.0.1;
					};
				};
			};
			buildConfigurationList = F8BE83162AF84A09007DFF42 /* Build configuration list for PBXProject "kinode" */;
			compatibilityVersion = "Xcode 14.0";
			developmentRegion = en;
			hasScannedForEncodings = 0;
			knownRegions = (
				en,
				Base,
			);
			mainGroup = F8BE83122AF84A09007DFF42;
			productRefGroup = F8BE831C2AF84A09007DFF42 /* Products */;
			projectDirPath = "";
			projectRoot = "";
			targets = (
				F8BE831A2AF84A09007DFF42 /* kinode */,
			);
		};
/* End PBXProject section */

/* Begin PBXResourcesBuildPhase section */
		F8BE83192AF84A09007DFF42 /* Resources */ = {
			isa = PBXResourcesBuildPhase;
			buildActionMask = 2147483647;
			files = (
				F84587D12B1919F0009AB5D7 /* ICON.png in Resources */,
				F8BE83262AF84A0A007DFF42 /* Preview Assets.xcassets in Resources */,
				F8BE83232AF84A0A007DFF42 /* Assets.xcassets in Resources */,
			);
			runOnlyForDeploymentPostprocessing = 0;
		};
/* End PBXResourcesBuildPhase section */

/* Begin PBXSourcesBuildPhase section */
		F8BE83172AF84A09007DFF42 /* Sources */ = {
			isa = PBXSourcesBuildPhase;
			buildActionMask = 2147483647;
			files = (
				F8BE83212AF84A09007DFF42 /* ContentView.swift in Sources */,
				F8FA11512AF84AD900EB094B /* authModel.swift in Sources */,
				F84587CF2B18F5F7009AB5D7 /* Top4Utils.swift in Sources */,
				F8FA115C2AF84AD900EB094B /* RatingView.swift in Sources */,
				F8FA11632AF84AD900EB094B /* SearchClient.swift in Sources */,
				F837B1A42B0F03D5005F33FD /* MediaSearchResult.swift in Sources */,
				F8FA11622AF84AD900EB094B /* HttpClient.swift in Sources */,
				F8FA11592AF84AD900EB094B /* ProfileTab.swift in Sources */,
				F8EF590E2B09901200EE3F7A /* SettingsSheet.swift in Sources */,
				F80BEFA42B184BD3009AD78D /* AddTop4Sheet.swift in Sources */,
				F8FA115A2AF84AD900EB094B /* MediaMoreModal.swift in Sources */,
				F8FA11602AF84AD900EB094B /* TabBarView.swift in Sources */,
				F8FA11572AF84AD900EB094B /* ScrollSearch.swift in Sources */,
				F806AF162B17C3CD00881796 /* DiaryTabv2.swift in Sources */,
				F85296D92B09D638008EF726 /* DebounceInput.swift in Sources */,
				F8BE831F2AF84A09007DFF42 /* kinodeApp.swift in Sources */,
				F8FA11542AF84AD900EB094B /* CreateAccountView.swift in Sources */,
				F8FA11522AF84AD900EB094B /* LoginView.swift in Sources */,
				F84587D32B191AB0009AB5D7 /* Splash.swift in Sources */,
				F8FA11562AF84AD900EB094B /* GetReviews.swift in Sources */,
				F8FA11502AF84AD900EB094B /* SearchTab.swift in Sources */,
				F8FA11532AF84AD900EB094B /* KeychainService.swift in Sources */,
				F893FD402AFB357600EEA5A3 /* ProfileModel.swift in Sources */,
				F8FA115B2AF84AD900EB094B /* FormInput.swift in Sources */,
				F837B1A62B0F0567005F33FD /* PeopleSearchResultView.swift in Sources */,
				F8FA11612AF84AD900EB094B /* tmdbImage.swift in Sources */,
				F8FA115E2AF84AD900EB094B /* DiaryTab.swift in Sources */,
				F8C3A13E2B152FF9000E5E39 /* UserFollowClient.swift in Sources */,
				F8FA115D2AF84AD900EB094B /* MediaDetailView.swift in Sources */,
				F831570E2B182FA500BFCE78 /* CreateReview.swift in Sources */,
				F837B1A22B0F034B005F33FD /* DiscoverView.swift in Sources */,
				F806AF142B17C2E900881796 /* CReviewModel.swift in Sources */,
			);
			runOnlyForDeploymentPostprocessing = 0;
		};
/* End PBXSourcesBuildPhase section */

/* Begin XCBuildConfiguration section */
		F8BE83272AF84A0A007DFF42 /* Debug */ = {
			isa = XCBuildConfiguration;
			buildSettings = {
				ALWAYS_SEARCH_USER_PATHS = NO;
				ASSETCATALOG_COMPILER_GENERATE_SWIFT_ASSET_SYMBOL_EXTENSIONS = YES;
				CLANG_ANALYZER_NONNULL = YES;
				CLANG_ANALYZER_NUMBER_OBJECT_CONVERSION = YES_AGGRESSIVE;
				CLANG_CXX_LANGUAGE_STANDARD = "gnu++20";
				CLANG_ENABLE_MODULES = YES;
				CLANG_ENABLE_OBJC_ARC = YES;
				CLANG_ENABLE_OBJC_WEAK = YES;
				CLANG_WARN_BLOCK_CAPTURE_AUTORELEASING = YES;
				CLANG_WARN_BOOL_CONVERSION = YES;
				CLANG_WARN_COMMA = YES;
				CLANG_WARN_CONSTANT_CONVERSION = YES;
				CLANG_WARN_DEPRECATED_OBJC_IMPLEMENTATIONS = YES;
				CLANG_WARN_DIRECT_OBJC_ISA_USAGE = YES_ERROR;
				CLANG_WARN_DOCUMENTATION_COMMENTS = YES;
				CLANG_WARN_EMPTY_BODY = YES;
				CLANG_WARN_ENUM_CONVERSION = YES;
				CLANG_WARN_INFINITE_RECURSION = YES;
				CLANG_WARN_INT_CONVERSION = YES;
				CLANG_WARN_NON_LITERAL_NULL_CONVERSION = YES;
				CLANG_WARN_OBJC_IMPLICIT_RETAIN_SELF = YES;
				CLANG_WARN_OBJC_LITERAL_CONVERSION = YES;
				CLANG_WARN_OBJC_ROOT_CLASS = YES_ERROR;
				CLANG_WARN_QUOTED_INCLUDE_IN_FRAMEWORK_HEADER = YES;
				CLANG_WARN_RANGE_LOOP_ANALYSIS = YES;
				CLANG_WARN_STRICT_PROTOTYPES = YES;
				CLANG_WARN_SUSPICIOUS_MOVE = YES;
				CLANG_WARN_UNGUARDED_AVAILABILITY = YES_AGGRESSIVE;
				CLANG_WARN_UNREACHABLE_CODE = YES;
				CLANG_WARN__DUPLICATE_METHOD_MATCH = YES;
				COPY_PHASE_STRIP = NO;
				DEBUG_INFORMATION_FORMAT = dwarf;
				ENABLE_STRICT_OBJC_MSGSEND = YES;
				ENABLE_TESTABILITY = YES;
				ENABLE_USER_SCRIPT_SANDBOXING = YES;
				GCC_C_LANGUAGE_STANDARD = gnu17;
				GCC_DYNAMIC_NO_PIC = NO;
				GCC_NO_COMMON_BLOCKS = YES;
				GCC_OPTIMIZATION_LEVEL = 0;
				GCC_PREPROCESSOR_DEFINITIONS = (
					"DEBUG=1",
					"$(inherited)",
				);
				GCC_WARN_64_TO_32_BIT_CONVERSION = YES;
				GCC_WARN_ABOUT_RETURN_TYPE = YES_ERROR;
				GCC_WARN_UNDECLARED_SELECTOR = YES;
				GCC_WARN_UNINITIALIZED_AUTOS = YES_AGGRESSIVE;
				GCC_WARN_UNUSED_FUNCTION = YES;
				GCC_WARN_UNUSED_VARIABLE = YES;
				IPHONEOS_DEPLOYMENT_TARGET = 17.0;
				LOCALIZATION_PREFERS_STRING_CATALOGS = YES;
				MTL_ENABLE_DEBUG_INFO = INCLUDE_SOURCE;
				MTL_FAST_MATH = YES;
				ONLY_ACTIVE_ARCH = YES;
				SDKROOT = iphoneos;
				SWIFT_ACTIVE_COMPILATION_CONDITIONS = "DEBUG $(inherited)";
				SWIFT_OPTIMIZATION_LEVEL = "-Onone";
			};
			name = Debug;
		};
		F8BE83282AF84A0A007DFF42 /* Release */ = {
			isa = XCBuildConfiguration;
			buildSettings = {
				ALWAYS_SEARCH_USER_PATHS = NO;
				ASSETCATALOG_COMPILER_GENERATE_SWIFT_ASSET_SYMBOL_EXTENSIONS = YES;
				CLANG_ANALYZER_NONNULL = YES;
				CLANG_ANALYZER_NUMBER_OBJECT_CONVERSION = YES_AGGRESSIVE;
				CLANG_CXX_LANGUAGE_STANDARD = "gnu++20";
				CLANG_ENABLE_MODULES = YES;
				CLANG_ENABLE_OBJC_ARC = YES;
				CLANG_ENABLE_OBJC_WEAK = YES;
				CLANG_WARN_BLOCK_CAPTURE_AUTORELEASING = YES;
				CLANG_WARN_BOOL_CONVERSION = YES;
				CLANG_WARN_COMMA = YES;
				CLANG_WARN_CONSTANT_CONVERSION = YES;
				CLANG_WARN_DEPRECATED_OBJC_IMPLEMENTATIONS = YES;
				CLANG_WARN_DIRECT_OBJC_ISA_USAGE = YES_ERROR;
				CLANG_WARN_DOCUMENTATION_COMMENTS = YES;
				CLANG_WARN_EMPTY_BODY = YES;
				CLANG_WARN_ENUM_CONVERSION = YES;
				CLANG_WARN_INFINITE_RECURSION = YES;
				CLANG_WARN_INT_CONVERSION = YES;
				CLANG_WARN_NON_LITERAL_NULL_CONVERSION = YES;
				CLANG_WARN_OBJC_IMPLICIT_RETAIN_SELF = YES;
				CLANG_WARN_OBJC_LITERAL_CONVERSION = YES;
				CLANG_WARN_OBJC_ROOT_CLASS = YES_ERROR;
				CLANG_WARN_QUOTED_INCLUDE_IN_FRAMEWORK_HEADER = YES;
				CLANG_WARN_RANGE_LOOP_ANALYSIS = YES;
				CLANG_WARN_STRICT_PROTOTYPES = YES;
				CLANG_WARN_SUSPICIOUS_MOVE = YES;
				CLANG_WARN_UNGUARDED_AVAILABILITY = YES_AGGRESSIVE;
				CLANG_WARN_UNREACHABLE_CODE = YES;
				CLANG_WARN__DUPLICATE_METHOD_MATCH = YES;
				COPY_PHASE_STRIP = NO;
				DEBUG_INFORMATION_FORMAT = "dwarf-with-dsym";
				ENABLE_NS_ASSERTIONS = NO;
				ENABLE_STRICT_OBJC_MSGSEND = YES;
				ENABLE_USER_SCRIPT_SANDBOXING = YES;
				GCC_C_LANGUAGE_STANDARD = gnu17;
				GCC_NO_COMMON_BLOCKS = YES;
				GCC_WARN_64_TO_32_BIT_CONVERSION = YES;
				GCC_WARN_ABOUT_RETURN_TYPE = YES_ERROR;
				GCC_WARN_UNDECLARED_SELECTOR = YES;
				GCC_WARN_UNINITIALIZED_AUTOS = YES_AGGRESSIVE;
				GCC_WARN_UNUSED_FUNCTION = YES;
				GCC_WARN_UNUSED_VARIABLE = YES;
				IPHONEOS_DEPLOYMENT_TARGET = 17.0;
				LOCALIZATION_PREFERS_STRING_CATALOGS = YES;
				MTL_ENABLE_DEBUG_INFO = NO;
				MTL_FAST_MATH = YES;
				SDKROOT = iphoneos;
				SWIFT_COMPILATION_MODE = wholemodule;
				VALIDATE_PRODUCT = YES;
			};
			name = Release;
		};
		F8BE832A2AF84A0A007DFF42 /* Debug */ = {
			isa = XCBuildConfiguration;
			buildSettings = {
				ASSETCATALOG_COMPILER_APPICON_NAME = AppIcon;
				ASSETCATALOG_COMPILER_GLOBAL_ACCENT_COLOR_NAME = AccentColor;
				CODE_SIGN_STYLE = Automatic;
				CURRENT_PROJECT_VERSION = 1;
				DEVELOPMENT_ASSET_PATHS = "\"kinode/Preview Content\"";
				ENABLE_PREVIEWS = YES;
				GENERATE_INFOPLIST_FILE = YES;
				INFOPLIST_KEY_UIApplicationSceneManifest_Generation = YES;
				INFOPLIST_KEY_UIApplicationSupportsIndirectInputEvents = YES;
				INFOPLIST_KEY_UILaunchScreen_Generation = YES;
				INFOPLIST_KEY_UISupportedInterfaceOrientations_iPad = "UIInterfaceOrientationPortrait UIInterfaceOrientationPortraitUpsideDown UIInterfaceOrientationLandscapeLeft UIInterfaceOrientationLandscapeRight";
				INFOPLIST_KEY_UISupportedInterfaceOrientations_iPhone = "UIInterfaceOrientationPortrait UIInterfaceOrientationLandscapeLeft UIInterfaceOrientationLandscapeRight";
				LD_RUNPATH_SEARCH_PATHS = (
					"$(inherited)",
					"@executable_path/Frameworks",
				);
				MARKETING_VERSION = 1.0;
				PRODUCT_BUNDLE_IDENTIFIER = com.anon.kinode;
				PRODUCT_NAME = "$(TARGET_NAME)";
				SWIFT_EMIT_LOC_STRINGS = YES;
				SWIFT_VERSION = 5.0;
				TARGETED_DEVICE_FAMILY = "1,2";
			};
			name = Debug;
		};
		F8BE832B2AF84A0A007DFF42 /* Release */ = {
			isa = XCBuildConfiguration;
			buildSettings = {
				ASSETCATALOG_COMPILER_APPICON_NAME = AppIcon;
				ASSETCATALOG_COMPILER_GLOBAL_ACCENT_COLOR_NAME = AccentColor;
				CODE_SIGN_STYLE = Automatic;
				CURRENT_PROJECT_VERSION = 1;
				DEVELOPMENT_ASSET_PATHS = "\"kinode/Preview Content\"";
				ENABLE_PREVIEWS = YES;
				GENERATE_INFOPLIST_FILE = YES;
				INFOPLIST_KEY_UIApplicationSceneManifest_Generation = YES;
				INFOPLIST_KEY_UIApplicationSupportsIndirectInputEvents = YES;
				INFOPLIST_KEY_UILaunchScreen_Generation = YES;
				INFOPLIST_KEY_UISupportedInterfaceOrientations_iPad = "UIInterfaceOrientationPortrait UIInterfaceOrientationPortraitUpsideDown UIInterfaceOrientationLandscapeLeft UIInterfaceOrientationLandscapeRight";
				INFOPLIST_KEY_UISupportedInterfaceOrientations_iPhone = "UIInterfaceOrientationPortrait UIInterfaceOrientationLandscapeLeft UIInterfaceOrientationLandscapeRight";
				LD_RUNPATH_SEARCH_PATHS = (
					"$(inherited)",
					"@executable_path/Frameworks",
				);
				MARKETING_VERSION = 1.0;
				PRODUCT_BUNDLE_IDENTIFIER = com.anon.kinode;
				PRODUCT_NAME = "$(TARGET_NAME)";
				SWIFT_EMIT_LOC_STRINGS = YES;
				SWIFT_VERSION = 5.0;
				TARGETED_DEVICE_FAMILY = "1,2";
			};
			name = Release;
		};
/* End XCBuildConfiguration section */

/* Begin XCConfigurationList section */
		F8BE83162AF84A09007DFF42 /* Build configuration list for PBXProject "kinode" */ = {
			isa = XCConfigurationList;
			buildConfigurations = (
				F8BE83272AF84A0A007DFF42 /* Debug */,
				F8BE83282AF84A0A007DFF42 /* Release */,
			);
			defaultConfigurationIsVisible = 0;
			defaultConfigurationName = Release;
		};
		F8BE83292AF84A0A007DFF42 /* Build configuration list for PBXNativeTarget "kinode" */ = {
			isa = XCConfigurationList;
			buildConfigurations = (
				F8BE832A2AF84A0A007DFF42 /* Debug */,
				F8BE832B2AF84A0A007DFF42 /* Release */,
			);
			defaultConfigurationIsVisible = 0;
			defaultConfigurationName = Release;
		};
/* End XCConfigurationList section */
	};
	rootObject = F8BE83132AF84A09007DFF42 /* Project object */;
}
